
Microsoft Visual Studio Solution File, Format Version 12.00
# Visual Studio Version 16
VisualStudioVersion = 16.0.30717.126
MinimumVisualStudioVersion = 10.0.40219.1
Project("{FAE04EC0-301F-11D3-BF4B-00C04F79EFBC}") = "CompanyManagementDatalayer", "CompanyManagementDatalayer\CompanyManagementDatalayer.csproj", "{BBF27B29-E55F-4F90-9C8B-AF657B172A8C}"
EndProject
Project("{FAE04EC0-301F-11D3-BF4B-00C04F79EFBC}") = "CompanyManagementBusinessLayer", "CompanyManagementBusinessLayer\CompanyManagementBusinessLayer.csproj", "{2EF6A16A-C267-4118-9A0F-76A49DC14390}"
EndProject
Project("{FAE04EC0-301F-11D3-BF4B-00C04F79EFBC}") = "CompanyManagementConsole", "CompanyManagementConsole\CompanyManagementConsole.csproj", "{775C4886-846A-4A9B-ACF4-2F751A960FAD}"
EndProject
Project("{FAE04EC0-301F-11D3-BF4B-00C04F79EFBC}") = "CompanyManagementAPI", "CompanyManagementAPI\CompanyManagementAPI.csproj", "{6660ABC8-C03A-4F4C-B265-67C669B4D9D6}"
EndProject
Global
	GlobalSection(SolutionConfigurationPlatforms) = preSolution
		Debug|Any CPU = Debug|Any CPU
		Release|Any CPU = Release|Any CPU
	EndGlobalSection
	GlobalSection(ProjectConfigurationPlatforms) = postSolution
		{BBF27B29-E55F-4F90-9C8B-AF657B172A8C}.Debug|Any CPU.ActiveCfg = Debug|Any CPU
		{BBF27B29-E55F-4F90-9C8B-AF657B172A8C}.Debug|Any CPU.Build.0 = Debug|Any CPU
		{BBF27B29-E55F-4F90-9C8B-AF657B172A8C}.Release|Any CPU.ActiveCfg = Release|Any CPU
		{BBF27B29-E55F-4F90-9C8B-AF657B172A8C}.Release|Any CPU.Build.0 = Release|Any CPU
		{2EF6A16A-C267-4118-9A0F-76A49DC14390}.Debug|Any CPU.ActiveCfg = Debug|Any CPU
		{2EF6A16A-C267-4118-9A0F-76A49DC14390}.Debug|Any CPU.Build.0 = Debug|Any CPU
		{2EF6A16A-C267-4118-9A0F-76A49DC14390}.Release|Any CPU.ActiveCfg = Release|Any CPU
		{2EF6A16A-C267-4118-9A0F-76A49DC14390}.Release|Any CPU.Build.0 = Release|Any CPU
		{775C4886-846A-4A9B-ACF4-2F751A960FAD}.Debug|Any CPU.ActiveCfg = Debug|Any CPU
		{775C4886-846A-4A9B-ACF4-2F751A960FAD}.Debug|Any CPU.Build.0 = Debug|Any CPU
		{775C4886-846A-4A9B-ACF4-2F751A960FAD}.Release|Any CPU.ActiveCfg = Release|Any CPU
		{775C4886-846A-4A9B-ACF4-2F751A960FAD}.Release|Any CPU.Build.0 = Release|Any CPU
		{6660ABC8-C03A-4F4C-B265-67C669B4D9D6}.Debug|Any CPU.ActiveCfg = Debug|Any CPU
		{6660ABC8-C03A-4F4C-B265-67C669B4D9D6}.Debug|Any CPU.Build.0 = Debug|Any CPU
		{6660ABC8-C03A-4F4C-B265-67C669B4D9D6}.Release|Any CPU.ActiveCfg = Release|Any CPU
		{6660ABC8-C03A-4F4C-B265-67C669B4D9D6}.Release|Any CPU.Build.0 = Release|Any CPU
	EndGlobalSection
	GlobalSection(SolutionProperties) = preSolution
		HideSolutionNode = FALSE
	EndGlobalSection
	GlobalSection(ExtensibilityGlobals) = postSolution
		SolutionGuid = {2656631D-E1AB-4450-B23B-38D6D407640A}
	EndGlobalSection
EndGlobal
